github.com/blang/semver v1.1.1-0.20190414182527-1a9109f8c4a1 h1:Quy+QGP2Ia3Gv4c33NAFS/K9erlqriDt8KD9ZFuyfCo=
github.com/blang/semver v1.1.1-0.20190414182527-1a9109f8c4a1/go.mod h1:kRBLl5iJ+tD4TcOOxsy/0fnwebNt5EWlYSAyrTnjyyk=
github.com/davecgh/go-spew v1.1.1 h1:vj9j/u1bqnvCEfJOwUhtlOARqs3+rkHYY13jYWTU97c=
github.com/davecgh/go-spew v1.1.1/go.mod h1:J7Y8YcW2NihsgmVo/mv3lAwl/skON4iLHjSsI+c5H38=
github.com/dustin/go-humanize v1.0.0 h1:VSnTsYCnlFHaM2/igO1h6X3HA71jcobQuxemgkq4zYo=
github.com/dustin/go-humanize v1.0.0/go.mod h1:HtrtbFcZ19U5GC7JDqmcUSB87Iq5E25KnS6fMYU6eOk=
github.com/kardianos/osext v0.0.0-20150528142315-6e7f84366347 h1:5t5oV2oWHlhcd3DmJ3UEjAzbc2NhaTU6vJDi18WapqM=
github.com/kardianos/osext v0.0.0-20150528142315-6e7f84366347/go.mod h1:1NbS8ALrpOvjt0rHPNLyCIeMtbizbir8U//inJ+zuB8=
github.com/keybase/backoff v1.0.1-0.20160517061000-726b63b835ec h1:D6qL2WCnAuxucGbmL+mDW8IKRK1pex+R1fw5rKa9nXc=
github.com/keybase/backoff v1.0.1-0.20160517061000-726b63b835ec/go.mod h1:jeBKj+20GIDry3doFsAMYH9n7Y3l7ajE3xJrKvVB23s=
github.com/keybase/client v5.8.1+incompatible h1:BSkpyfDtw2eCqVXd0Aey3YoriUqp3JzwnMt6GPsjUA4=
github.com/keybase/client v5.8.1+incompatible/go.mod h1:KsjHm2IX4Hkl9xqAfT5e3f+O1uWp2QajcJmrzP5J8Fw=
github.com/keybase/clockwork v0.1.0 h1:nzoODVnBOCaeYypKzpnwa8l17T4dGXGI37ssqzAJmtk=
github.com/keybase/clockwork v0.1.0/go.mod h1:2j97e0ZjlWYV7dDdV8BjKwMUmBbXu6zZF8FAa9gXRss=
github.com/keybase/go-codec v0.0.0-20180928230036-164397562123 h1:yg56lYPqh9suJepqxOMd/liFgU/x+maRPiB30JNYykM=
github.com/keybase/go-codec v0.0.0-20180928230036-164397562123/go.mod h1:r/eVVWCngg6TsFV/3HuS9sWhDkAzGG8mXhiuYA+Z/20=
github.com/keybase/go-crypto v0.0.0-20200123153347-de78d2cb44f4 h1:cTxwSmnaqLoo+4tLukHoB9iqHOu3LmLhRmgUxZo6Vp4=
github.com/keybase/go-crypto v0.0.0-20200123153347-de78d2cb44f4/go.mod h1:ghbZscTyKdM07+Fw3KSi0hcJm+AlEUWj8QLlPtijN/M=
github.com/keybase/go-framed-msgpack-rpc v0.0.0-20200311211234-26e5d1ace9c8 h1:k9mh8uS88f4nazPT0p69AMGdHeaeRIPOuIMiroOkRR0=
github.com/keybase/go-framed-msgpack-rpc v0.0.0-20200311211234-26e5d1ace9c8/go.mod h1:th8zta4CF6Hwvqy8sRy52KiiFj6G8toLXkXYtKnakt8=
github.com/keybase/go-jsonw v0.0.0-20200325173637-df90f282c233 h1:zLk+cB/0ShMCBcgBOXYgellLZiZahXFicJleKyrlqiM=
github.com/keybase/go-jsonw v0.0.0-20200325173637-df90f282c233/go.mod h1:lofKQwj13L0/7ji5VYaY0257JDlQE2BRRf+rI2Vk1rU=
github.com/keybase/go-logging v0.0.0-20160323223538-f3c7c3c1605e h1:D+F0iQjq1Qi3HAufvw5otq8aLfZTLkpKgiAlarwdWXM=
github.com/keybase/go-logging v0.0.0-20160323223538-f3c7c3c1605e/go.mod h1:qbrnbgcKFlKbw3ClUj4oATQiRCpeLqo3IHJJAxrq2ow=
github.com/keybase/go-ps v0.0.0-20160624030658-eae146130275 h1:8jj7I0S/6ycVzY+qV/3aupdLbZ0PcgNZq+k8sip0+1k=
github.com/keybase/go-ps v0.0.0-20160624030658-eae146130275/go.mod h1:hY+WOq6m2FpbvyrI93sMaypsttvaIL5nhVR92dTMUcQ=
github.com/keybase/msgpackzip v0.0.0-20200218014524-5ef7f4879d9d h1:D/7gi3VCY2X/2/bejwlOnHmXQ60wJxUw/lJfUaLOFUc=
github.com/keybase/msgpackzip v0.0.0-20200218014524-5ef7f4879d9d/go.mod h1:Sm+nt2nRWRbWaXpqRw6FjNguNK+U0ipEzjAWXDyqw6Q=
github.com/keybase/saltpack v0.0.0-20180319163818-282df2166aa7 h1:eSPzpHc9mJcT5FpqVCFE9dPbMsMfT1hMP5WvSnh8a4k=
github.com/keybase/saltpack v0.0.0-20180319163818-282df2166aa7/go.mod h1:loEJH62iafRcA8ZYlUEq9WgJh/Z9BHdHHfAmxzacQng=
github.com/pmezard/go-difflib v1.0.0 h1:4DBwDE0NGyQoBHbLQYPwSUPoCMWR5BEzIk/f1lZbAQM=
github.com/pmezard/go-difflib v1.0.0/go.mod h1:iKH77koFhYxTK1pcRnkKkqfTogsbg7gZNVY4sRDYZ/4=
github.com/reiver/go-oi v1.0.0 h1:nvECWD7LF+vOs8leNGV/ww+F2iZKf3EYjYZ527turzM=
github.com/reiver/go-oi v1.0.0/go.mod h1:RrDBct90BAhoDTxB1fenZwfykqeGvhI6LsNfStJoEkI=
github.com/reiver/go-telnet v0.0.0-20180421082511-9ff0b2ab096e h1:quuzZLi72kkJjl+f5AQ93FMcadG19WkS7MO6TXFOSas=
github.com/reiver/go-telnet v0.0.0-20180421082511-9ff0b2ab096e/go.mod h1:+5vNVvEWwEIx86DB9Ke/+a5wBI464eDRo3eF0LcfpWg=
github.com/stretchr/testify v1.1.5-0.20160925220609-976c720a22c8 h1:f4Xo/Dhbk4mbPFN+QqSzSsXt1bK2fMLqpMY+Jx6AR6A=
github.com/stretchr/testify v1.1.5-0.20160925220609-976c720a22c8/go.mod h1:a8OnRcib4nhh0OaRAV+Yts87kKdq0PP7pXfy6kDkUVs=
golang.org/x/crypto v0.0.0-20170407173645-55a552f0823e h1:jvaoT0obHAUGaqgDo3EPq0iGCq1J8F8X+l0QwTTb10s=
golang.org/x/crypto v0.0.0-20170407173645-55a552f0823e/go.mod h1:6SG95UA2DQfeDnfUPMdvaQW0Q7yPrPDi9nlGo2tz2b4=
golang.org/x/net v0.0.0-20210916014120-12bc252f5db8 h1:/6y1LfuqNuQdHAm0jjtPtgRcxIxjVZgm5OTu8/QhZvk=
golang.org/x/net v0.0.0-20210916014120-12bc252f5db8/go.mod h1:9nx3DQGgdP8bBQD5qxJ1jj9UTztislL4KSBs9R2vV5Y=
golang.org/x/sys v0.0.0-20201119102817-f84b799fce68/go.mod h1:h1NjWce9XRLGQEsW7wpKNCjG9DtNlClVuFLEZdDNbEs=
golang.org/x/sys v0.0.0-20210423082822-04245dca01da h1:b3NXsE2LusjYGGjL5bxEVZZORm/YEFFrWFjR8eFrw/c=
golang.org/x/sys v0.0.0-20210423082822-04245dca01da/go.mod h1:h1NjWce9XRLGQEsW7wpKNCjG9DtNlClVuFLEZdDNbEs=
golang.org/x/term v0.0.0-20201126162022-7de9c90e9dd1/go.mod h1:bj7SfCRtBDWHUb9snDiAeCFNEtKQo2Wmx5Cou7ajbmo=
golang.org/x/text v0.3.6/go.mod h1:5Zoc/QRtKVWzQhOtBMvqHzDpF6irO9z98xDceosuGiQ=
golang.org/x/tools v0.0.0-20180917221912-90fa682c2a6e/go.mod h1:n7NCudcB/nEzxVGmLbDWY5pfWTLqBcC2KZ6jyYvM4mQ=
