github.com/blang/semver v3.5.1+incompatible h1:cQNTCjp13qL8KC3Nbxr/y2Bqb63oX6wdnnjpJbkM4JQ=
github.com/blang/semver v3.5.1+incompatible/go.mod h1:kRBLl5iJ+tD4TcOOxsy/0fnwebNt5EWlYSAyrTnjyyk=
github.com/davecgh/go-spew v1.1.1 h1:vj9j/u1bqnvCEfJOwUhtlOARqs3+rkHYY13jYWTU97c=
github.com/davecgh/go-spew v1.1.1/go.mod h1:J7Y8YcW2NihsgmVo/mv3lAwl/skON4iLHjSsI+c5H38=
github.com/dustin/go-humanize v1.0.0 h1:VSnTsYCnlFHaM2/igO1h6X3HA71jcobQuxemgkq4zYo=
github.com/dustin/go-humanize v1.0.0/go.mod h1:HtrtbFcZ19U5GC7JDqmcUSB87Iq5E25KnS6fMYU6eOk=
github.com/kardianos/osext v0.0.0-20150528142315-6e7f84366347 h1:5t5oV2oWHlhcd3DmJ3UEjAzbc2NhaTU6vJDi18WapqM=
github.com/kardianos/osext v0.0.0-20150528142315-6e7f84366347/go.mod h1:1NbS8ALrpOvjt0rHPNLyCIeMtbizbir8U//inJ+zuB8=
github.com/keybase/backoff v1.0.1-0.20160517061000-726b63b835ec h1:D6qL2WCnAuxucGbmL+mDW8IKRK1pex+R1fw5rKa9nXc=
github.com/keybase/backoff v1.0.1-0.20160517061000-726b63b835ec/go.mod h1:jeBKj+20GIDry3doFsAMYH9n7Y3l7ajE3xJrKvVB23s=
github.com/keybase/client/go v0.0.0-20221220155337-b9905a530067 h1:HN4eJCGIcifVMowceqtWZszdZ8uhQMV/Prac+MR8zAA=
github.com/keybase/client/go v0.0.0-20221220155337-b9905a530067/go.mod h1:HixkpbJDXl6nD+rbdrXg10lz9YEzsW5Do5iMoMy5N28=
github.com/keybase/clockwork v0.1.1-0.20161209210251-976f45f4a979 h1:WABVkjKJ3UjbSTgGayemkXfUyZrDwFShivsoIikbM3c=
github.com/keybase/clockwork v0.1.1-0.20161209210251-976f45f4a979/go.mod h1:2j97e0ZjlWYV7dDdV8BjKwMUmBbXu6zZF8FAa9gXRss=
github.com/keybase/go-codec v0.0.0-20180928230036-164397562123 h1:yg56lYPqh9suJepqxOMd/liFgU/x+maRPiB30JNYykM=
github.com/keybase/go-codec v0.0.0-20180928230036-164397562123/go.mod h1:r/eVVWCngg6TsFV/3HuS9sWhDkAzGG8mXhiuYA+Z/20=
github.com/keybase/go-crypto v0.0.0-20200123153347-de78d2cb44f4 h1:cTxwSmnaqLoo+4tLukHoB9iqHOu3LmLhRmgUxZo6Vp4=
github.com/keybase/go-crypto v0.0.0-20200123153347-de78d2cb44f4/go.mod h1:ghbZscTyKdM07+Fw3KSi0hcJm+AlEUWj8QLlPtijN/M=
github.com/keybase/go-framed-msgpack-rpc v0.0.0-20211118173254-f892386581e8 h1:AIIUkIZGN7gkdyJES5pReM/U/pkDo9EV69M75A3vkqs=
github.com/keybase/go-framed-msgpack-rpc v0.0.0-20211118173254-f892386581e8/go.mod h1:wPXmF8mtfvvuwpn2AsE1+snEeyiyzBmHub4VEm58q1Y=
github.com/keybase/go-jsonw v0.0.0-20200325173637-df90f282c233 h1:zLk+cB/0ShMCBcgBOXYgellLZiZahXFicJleKyrlqiM=
github.com/keybase/go-jsonw v0.0.0-20200325173637-df90f282c233/go.mod h1:lofKQwj13L0/7ji5VYaY0257JDlQE2BRRf+rI2Vk1rU=
github.com/keybase/go-logging v0.0.0-20231213204715-4b3ff33ba5b6 h1:H4IvZdHXpeK963LgCMbTcEviEal4891UGf2iOqOGL94=
github.com/keybase/go-logging v0.0.0-20231213204715-4b3ff33ba5b6/go.mod h1:0yOEB+QF1Ega1Cr7oMKb3yUAc3C9/eg6fBHB5HLP7AA=
github.com/keybase/go-ps v0.0.0-20190827175125-91aafc93ba19 h1:WjT3fLi9n8YWh/Ih8Q1LHAPsTqGddPcHqscN+PJ3i68=
github.com/keybase/go-ps v0.0.0-20190827175125-91aafc93ba19/go.mod h1:hY+WOq6m2FpbvyrI93sMaypsttvaIL5nhVR92dTMUcQ=
github.com/keybase/msgpackzip v0.0.0-20211109205514-10e4bc329851 h1:W5xs9wKnbzBFuVhwaGvcvV6jXWvslTAT5Pa6BCAuvXw=
github.com/keybase/msgpackzip v0.0.0-20211109205514-10e4bc329851/go.mod h1:/2b2CTSWA/tFpJaq69Cox1bX1LqRBM7Tlvy8ccU58YA=
github.com/keybase/saltpack v0.0.0-20231213211625-726bb684c617 h1:z0BITnIaKvnqlZuK0BroCaZ0rMLIwFJN1/lttLG3xvw=
github.com/keybase/saltpack v0.0.0-20231213211625-726bb684c617/go.mod h1:sslrL/EiYuXAYxsh0dUHhkWtFypUfWEz4pkES+5QWvQ=
github.com/kr/pty v1.1.1/go.mod h1:pFQYn66WHrOpPYNljwOMqo10TkYh1fy3cYio2l3bCsQ=
github.com/kr/text v0.1.0/go.mod h1:4Jbv+DJW3UT/LiOwJeYQe1efqtUx/iVham/4vfdArNI=
github.com/kr/text v0.2.0 h1:5Nx0Ya0ZqY2ygV366QzturHI13Jq95ApcVaJBhpS+AY=
github.com/niemeyer/pretty v0.0.0-20200227124842-a10e7caefd8e h1:fD57ERR4JtEqsWbfPhv4DMiApHyliiK5xCTNVSPiaAs=
github.com/niemeyer/pretty v0.0.0-20200227124842-a10e7caefd8e/go.mod h1:zD1mROLANZcx1PVRCS0qkT7pwLkGfwJo4zjcN/Tysno=
github.com/pmezard/go-difflib v1.0.0 h1:4DBwDE0NGyQoBHbLQYPwSUPoCMWR5BEzIk/f1lZbAQM=
github.com/pmezard/go-difflib v1.0.0/go.mod h1:iKH77koFhYxTK1pcRnkKkqfTogsbg7gZNVY4sRDYZ/4=
github.com/reiver/go-oi v1.0.0 h1:nvECWD7LF+vOs8leNGV/ww+F2iZKf3EYjYZ527turzM=
github.com/reiver/go-telnet v0.0.0-20180421082511-9ff0b2ab096e h1:quuzZLi72kkJjl+f5AQ93FMcadG19WkS7MO6TXFOSas=
github.com/stretchr/testify v1.8.4 h1:CcVxjf3Q8PM0mHUKJCdn+eZZtm5yQwehR5yeSVQQcUk=
github.com/stretchr/testify v1.8.4/go.mod h1:sz/lmYIOXD/1dqDmKjjqLyZ2RngseejIcXlSw2iwfAo=
golang.org/x/crypto v0.16.0 h1:mMMrFzRSCF0GvB7Ne27XVtVAaXLrPmgPC7/v0tkwHaY=
golang.org/x/crypto v0.16.0/go.mod h1:gCAAfMLgwOJRpTjQ2zCCt2OcSfYMTeZVSRtQlPC7Nq4=
golang.org/x/net v0.10.0 h1:X2//UzNDwYmtCLn7To6G58Wr6f5ahEAQgKNzv9Y951M=
golang.org/x/net v0.10.0/go.mod h1:0qNGK6F8kojg2nk9dLZ2mShWaEBan6FAoqfSigmmuDg=
golang.org/x/sync v0.5.0 h1:60k92dhOjHxJkrqnwsfl8KuaHbn/5dl0lUPUklKo3qE=
golang.org/x/sys v0.15.0 h1:h48lPFYpsTvQJZF4EKyI4aLHaev3CxivZmv7yZig9pc=
golang.org/x/sys v0.15.0/go.mod h1:/VUhepiaJMQUp4+oa/7Zr1D23ma6VTLIYjOOTFZPUcA=
gopkg.in/check.v1 v0.0.0-20161208181325-20d25e280405/go.mod h1:Co6ibVJAznAaIkqp8huTwlJQCZ016jof/cbN4VW5Yz0=
gopkg.in/check.v1 v1.0.0-20200227125254-8fa46927fb4f h1:BLraFXnmrev5lT+xlilqcH8XK9/i0At2xKjWk4p6zsU=
gopkg.in/check.v1 v1.0.0-20200227125254-8fa46927fb4f/go.mod h1:Co6ibVJAznAaIkqp8huTwlJQCZ016jof/cbN4VW5Yz0=
gopkg.in/yaml.v3 v3.0.1 h1:fxVm/GzAzEWqLHuvctI91KS9hhNmmWOoWu0XTYJS7CA=
gopkg.in/yaml.v3 v3.0.1/go.mod h1:K4uyk7z7BCEPqu6E+C64Yfv1cQ7kz7rIZviUmN+EgEM=
