github.com/blang/semver v1.1.1-0.20190414182527-1a9109f8c4a1 h1:Quy+QGP2Ia3Gv4c33NAFS/K9erlqriDt8KD9ZFuyfCo=
github.com/blang/semver v1.1.1-0.20190414182527-1a9109f8c4a1/go.mod h1:kRBLl5iJ+tD4TcOOxsy/0fnwebNt5EWlYSAyrTnjyyk=
github.com/davecgh/go-spew v0.0.0-20151105211317-5215b55f46b2 h1:5zdDAMuB3gvbHB1m2BZT9+t9w+xaBmK3ehb7skDXcwM=
github.com/davecgh/go-spew v0.0.0-20151105211317-5215b55f46b2/go.mod h1:J7Y8YcW2NihsgmVo/mv3lAwl/skON4iLHjSsI+c5H38=
github.com/davecgh/go-spew v1.1.1 h1:vj9j/u1bqnvCEfJOwUhtlOARqs3+rkHYY13jYWTU97c=
github.com/davecgh/go-spew v1.1.1/go.mod h1:J7Y8YcW2NihsgmVo/mv3lAwl/skON4iLHjSsI+c5H38=
github.com/kardianos/osext v0.0.0-20150528142315-6e7f84366347 h1:5t5oV2oWHlhcd3DmJ3UEjAzbc2NhaTU6vJDi18WapqM=
github.com/kardianos/osext v0.0.0-20150528142315-6e7f84366347/go.mod h1:1NbS8ALrpOvjt0rHPNLyCIeMtbizbir8U//inJ+zuB8=
github.com/keybase/go-codec v0.0.0-20180928230036-164397562123 h1:yg56lYPqh9suJepqxOMd/liFgU/x+maRPiB30JNYykM=
github.com/keybase/go-codec v0.0.0-20180928230036-164397562123/go.mod h1:r/eVVWCngg6TsFV/3HuS9sWhDkAzGG8mXhiuYA+Z/20=
github.com/keybase/go-logging v0.0.0-20160323223538-f3c7c3c1605e h1:D+F0iQjq1Qi3HAufvw5otq8aLfZTLkpKgiAlarwdWXM=
github.com/keybase/go-logging v0.0.0-20160323223538-f3c7c3c1605e/go.mod h1:qbrnbgcKFlKbw3ClUj4oATQiRCpeLqo3IHJJAxrq2ow=
github.com/keybase/go-ps v0.0.0-20160624030658-eae146130275 h1:8jj7I0S/6ycVzY+qV/3aupdLbZ0PcgNZq+k8sip0+1k=
github.com/keybase/go-ps v0.0.0-20160624030658-eae146130275/go.mod h1:hY+WOq6m2FpbvyrI93sMaypsttvaIL5nhVR92dTMUcQ=
github.com/keybase/saltpack v0.0.0-20180319163818-282df2166aa7 h1:eSPzpHc9mJcT5FpqVCFE9dPbMsMfT1hMP5WvSnh8a4k=
github.com/keybase/saltpack v0.0.0-20180319163818-282df2166aa7/go.mod h1:loEJH62iafRcA8ZYlUEq9WgJh/Z9BHdHHfAmxzacQng=
github.com/pmezard/go-difflib v0.0.0-20150510084606-f78a83967615 h1:IU+sJafKjQNH5CVdIwLwNZo31zSy6Ykb4bUhS+tC/V4=
github.com/pmezard/go-difflib v0.0.0-20150510084606-f78a83967615/go.mod h1:iKH77koFhYxTK1pcRnkKkqfTogsbg7gZNVY4sRDYZ/4=
github.com/pmezard/go-difflib v1.0.0 h1:4DBwDE0NGyQoBHbLQYPwSUPoCMWR5BEzIk/f1lZbAQM=
github.com/pmezard/go-difflib v1.0.0/go.mod h1:iKH77koFhYxTK1pcRnkKkqfTogsbg7gZNVY4sRDYZ/4=
github.com/stretchr/testify v1.1.4-0.20160413090424-bcd9e3389dd0 h1:ujANtDy4BUFRpfXQQeMi6UW4zEZxNAcc1IfnWFurmrA=
github.com/stretchr/testify v1.1.4-0.20160413090424-bcd9e3389dd0/go.mod h1:a8OnRcib4nhh0OaRAV+Yts87kKdq0PP7pXfy6kDkUVs=
golang.org/x/crypto v0.0.0-20170407173645-55a552f0823e h1:jvaoT0obHAUGaqgDo3EPq0iGCq1J8F8X+l0QwTTb10s=
golang.org/x/crypto v0.0.0-20170407173645-55a552f0823e/go.mod h1:6SG95UA2DQfeDnfUPMdvaQW0Q7yPrPDi9nlGo2tz2b4=
golang.org/x/crypto v0.0.0-20190308221718-c2843e01d9a2/go.mod h1:djNgcEr1/C05ACkg1iLfiJU5Ep61QUkGW8qpdssI0+w=
golang.org/x/crypto v0.0.0-20200427165652-729f1e841bcc h1:ZGI/fILM2+ueot/UixBSoj9188jCAxVHEZEGhqq67I4=
golang.org/x/crypto v0.0.0-20200427165652-729f1e841bcc/go.mod h1:LzIPMQfyMNhhGPhUkYOs5KpL4U8rLKemX1yGLhDgUto=
golang.org/x/net v0.0.0-20190404232315-eb5bcb51f2a3/go.mod h1:t9HGtf8HONx5eT2rtn7q6eTqICYqUVnKs3thJo3Qplg=
golang.org/x/sys v0.0.0-20161023150541-c200b10b5d5e/go.mod h1:STP8DvDyc/dI5b8T5hshtkjS+E42TnysNCUPdjciGhY=
golang.org/x/sys v0.0.0-20190215142949-d0b11bdaac8a/go.mod h1:STP8DvDyc/dI5b8T5hshtkjS+E42TnysNCUPdjciGhY=
golang.org/x/sys v0.0.0-20190412213103-97732733099d h1:+R4KGOnez64A81RvjARKc4UT5/tI9ujCIVX+P5KiHuI=
golang.org/x/sys v0.0.0-20190412213103-97732733099d/go.mod h1:h1NjWce9XRLGQEsW7wpKNCjG9DtNlClVuFLEZdDNbEs=
golang.org/x/text v0.3.0/go.mod h1:NqM8EUOU14njkJ3fqMW+pc6Ldnwhi/IjpwHt7yyuwOQ=
